
Microsoft Visual Studio Solution File, Format Version 12.00
# Visual Studio 15
VisualStudioVersion = 15.0.27130.2010
MinimumVisualStudioVersion = 10.0.40219.1
Project("{FAE04EC0-301F-11D3-BF4B-00C04F79EFBC}") = "Airport", "Airport\Airport.csproj", "{47EF6418-7D9C-4037-89D2-122B5A960D3C}"
EndProject
Project("{00D1A9C2-B5F0-4AF3-8072-F6C62B433612}") = "Airport.DB", "Airport.DB\Airport.DB.sqlproj", "{7D4847DF-8381-444E-B4B6-D40DE3880F73}"
EndProject
Project("{FAE04EC0-301F-11D3-BF4B-00C04F79EFBC}") = "Airport.WebAPI", "Airport.WebAPI\Airport.WebAPI.csproj", "{5F5C744D-7380-4BC3-B781-254C1987C2A0}"
EndProject
Project("{9A19103F-16F7-4668-BE54-9A1E7A4F7556}") = "Airport.Client", "Airport.Client\Airport.Client.csproj", "{375F0B58-AA64-47C3-B11B-A7C6A2FEB303}"
EndProject
Project("{9A19103F-16F7-4668-BE54-9A1E7A4F7556}") = "Airport.XUnitTest", "Airport.XUnitTest\Airport.XUnitTest.csproj", "{285A5420-6C0B-4076-AB1E-F09E575F949B}"
EndProject
Project("{FAE04EC0-301F-11D3-BF4B-00C04F79EFBC}") = "Airport.Models", "Airport.Models\Airport.Models.csproj", "{EC52ABE8-68EE-4446-ACD8-F892D25D0FDF}"
EndProject
Project("{FAE04EC0-301F-11D3-BF4B-00C04F79EFBC}") = "Airport.Core", "Airport.Core\Airport.Core.csproj", "{0C93DBA3-A2F0-49CB-9E44-6904E7383B7B}"
EndProject
Global
	GlobalSection(SolutionConfigurationPlatforms) = preSolution
		Debug|Any CPU = Debug|Any CPU
		Release|Any CPU = Release|Any CPU
	EndGlobalSection
	GlobalSection(ProjectConfigurationPlatforms) = postSolution
		{47EF6418-7D9C-4037-89D2-122B5A960D3C}.Debug|Any CPU.ActiveCfg = Debug|Any CPU
		{47EF6418-7D9C-4037-89D2-122B5A960D3C}.Debug|Any CPU.Build.0 = Debug|Any CPU
		{47EF6418-7D9C-4037-89D2-122B5A960D3C}.Release|Any CPU.ActiveCfg = Release|Any CPU
		{47EF6418-7D9C-4037-89D2-122B5A960D3C}.Release|Any CPU.Build.0 = Release|Any CPU
		{7D4847DF-8381-444E-B4B6-D40DE3880F73}.Debug|Any CPU.ActiveCfg = Debug|Any CPU
		{7D4847DF-8381-444E-B4B6-D40DE3880F73}.Debug|Any CPU.Build.0 = Debug|Any CPU
		{7D4847DF-8381-444E-B4B6-D40DE3880F73}.Debug|Any CPU.Deploy.0 = Debug|Any CPU
		{7D4847DF-8381-444E-B4B6-D40DE3880F73}.Release|Any CPU.ActiveCfg = Release|Any CPU
		{7D4847DF-8381-444E-B4B6-D40DE3880F73}.Release|Any CPU.Build.0 = Release|Any CPU
		{7D4847DF-8381-444E-B4B6-D40DE3880F73}.Release|Any CPU.Deploy.0 = Release|Any CPU
		{5F5C744D-7380-4BC3-B781-254C1987C2A0}.Debug|Any CPU.ActiveCfg = Debug|Any CPU
		{5F5C744D-7380-4BC3-B781-254C1987C2A0}.Debug|Any CPU.Build.0 = Debug|Any CPU
		{5F5C744D-7380-4BC3-B781-254C1987C2A0}.Release|Any CPU.ActiveCfg = Release|Any CPU
		{5F5C744D-7380-4BC3-B781-254C1987C2A0}.Release|Any CPU.Build.0 = Release|Any CPU
		{375F0B58-AA64-47C3-B11B-A7C6A2FEB303}.Debug|Any CPU.ActiveCfg = Debug|Any CPU
		{375F0B58-AA64-47C3-B11B-A7C6A2FEB303}.Debug|Any CPU.Build.0 = Debug|Any CPU
		{375F0B58-AA64-47C3-B11B-A7C6A2FEB303}.Release|Any CPU.ActiveCfg = Release|Any CPU
		{375F0B58-AA64-47C3-B11B-A7C6A2FEB303}.Release|Any CPU.Build.0 = Release|Any CPU
		{285A5420-6C0B-4076-AB1E-F09E575F949B}.Debug|Any CPU.ActiveCfg = Debug|Any CPU
		{285A5420-6C0B-4076-AB1E-F09E575F949B}.Debug|Any CPU.Build.0 = Debug|Any CPU
		{285A5420-6C0B-4076-AB1E-F09E575F949B}.Release|Any CPU.ActiveCfg = Release|Any CPU
		{285A5420-6C0B-4076-AB1E-F09E575F949B}.Release|Any CPU.Build.0 = Release|Any CPU
		{EC52ABE8-68EE-4446-ACD8-F892D25D0FDF}.Debug|Any CPU.ActiveCfg = Debug|Any CPU
		{EC52ABE8-68EE-4446-ACD8-F892D25D0FDF}.Debug|Any CPU.Build.0 = Debug|Any CPU
		{EC52ABE8-68EE-4446-ACD8-F892D25D0FDF}.Release|Any CPU.ActiveCfg = Release|Any CPU
		{EC52ABE8-68EE-4446-ACD8-F892D25D0FDF}.Release|Any CPU.Build.0 = Release|Any CPU
		{0C93DBA3-A2F0-49CB-9E44-6904E7383B7B}.Debug|Any CPU.ActiveCfg = Debug|Any CPU
		{0C93DBA3-A2F0-49CB-9E44-6904E7383B7B}.Debug|Any CPU.Build.0 = Debug|Any CPU
		{0C93DBA3-A2F0-49CB-9E44-6904E7383B7B}.Release|Any CPU.ActiveCfg = Release|Any CPU
		{0C93DBA3-A2F0-49CB-9E44-6904E7383B7B}.Release|Any CPU.Build.0 = Release|Any CPU
	EndGlobalSection
	GlobalSection(SolutionProperties) = preSolution
		HideSolutionNode = FALSE
	EndGlobalSection
	GlobalSection(ExtensibilityGlobals) = postSolution
		SolutionGuid = {ACA45FB2-3BF3-4E20-81D3-CE5F9F2A6D5A}
	EndGlobalSection
EndGlobal
